
Microsoft Visual Studio Solution File, Format Version 12.00
# Visual Studio Version 16
VisualStudioVersion = 16.0.31702.278
MinimumVisualStudioVersion = 10.0.40219.1
Project("{FAE04EC0-301F-11D3-BF4B-00C04F79EFBC}") = "ConsoleApp1", "ConsoleApp1\ConsoleApp1.csproj", "{5C2DC559-A539-4019-9DA0-01022043DD16}"
EndProject
Global
	GlobalSection(SolutionConfigurationPlatforms) = preSolution
		Debug|Any CPU = Debug|Any CPU
		Release|Any CPU = Release|Any CPU
	EndGlobalSection
	GlobalSection(ProjectConfigurationPlatforms) = postSolution
		{5C2DC559-A539-4019-9DA0-01022043DD16}.Debug|Any CPU.ActiveCfg = Debug|Any CPU
		{5C2DC559-A539-4019-9DA0-01022043DD16}.Debug|Any CPU.Build.0 = Debug|Any CPU
		{5C2DC559-A539-4019-9DA0-01022043DD16}.Release|Any CPU.ActiveCfg = Release|Any CPU
		{5C2DC559-A539-4019-9DA0-01022043DD16}.Release|Any CPU.Build.0 = Release|Any CPU
	EndGlobalSection
	GlobalSection(SolutionProperties) = preSolution
		HideSolutionNode = FALSE
	EndGlobalSection
	GlobalSection(ExtensibilityGlobals) = postSolution
		SolutionGuid = {BB55166E-C7F0-4F53-B38F-E518A3B90D65}
	EndGlobalSection
EndGlobal
